<?xml version="1.0" encoding="utf-8"?>
<Project ToolsVersion="4.0" xmlns="http://schemas.microsoft.com/developer/msbuild/2003">
  <ItemGroup>
    <Filter Include="Source Files">
      <UniqueIdentifier>{4FC737F1-C7A5-4376-A066-2A32D752A2FF}</UniqueIdentifier>
      <Extensions>cpp;c;cc;cxx;c++;cppm;ixx;def;odl;idl;hpj;bat;asm;asmx</Extensions>
    </Filter>
    <Filter Include="Header Files">
      <UniqueIdentifier>{93995380-89BD-4b04-88EB-625FBE52EBFB}</UniqueIdentifier>
      <Extensions>h;hh;hpp;hxx;h++;hm;inl;inc;ipp;xsd</Extensions>
    </Filter>
    <Filter Include="Resource Files">
      <UniqueIdentifier>{67DA6AB6-F800-4c08-8B7A-83BB121AAD01}</UniqueIdentifier>
      <Extensions>rc;ico;cur;bmp;dlg;rc2;rct;bin;rgs;gif;jpg;jpeg;jpe;resx;tiff;tif;png;wav;mfcribbon-ms</Extensions>
    </Filter>
    <Filter Include="sorts">
      <UniqueIdentifier>{af788894-03b3-4724-8170-7d8d8ec023d2}</UniqueIdentifier>
    </Filter>
    <Filter Include="lists">
      <UniqueIdentifier>{29cc9214-4247-48e7-9049-0d4931e4c1b1}</UniqueIdentifier>
    </Filter>
  </ItemGroup>
  <ItemGroup>
    <ClCompile Include="lab1_main.cpp">
      <Filter>Source Files</Filter>
    </ClCompile>
    <ClCompile Include="lab1_test.cpp">
      <Filter>Source Files</Filter>
    </ClCompile>
  </ItemGroup>
  <ItemGroup>
    <ClInclude Include="BubbleSort.h">
      <Filter>sorts</Filter>
    </ClInclude>
    <ClInclude Include="InsertionSort.h">
      <Filter>sorts</Filter>
    </ClInclude>
    <ClInclude Include="MergeSort.h">
      <Filter>sorts</Filter>
    </ClInclude>
    <ClInclude Include="Sort.h">
      <Filter>sorts</Filter>
    </ClInclude>
    <ClInclude Include="ArrayList.h">
      <Filter>lists</Filter>
    </ClInclude>
    <ClInclude Include="List.h">
      <Filter>lists</Filter>
    </ClInclude>
    <ClInclude Include="LinkedList.h">
      <Filter>lists</Filter>
    </ClInclude>
    <ClInclude Include="QuickSort.h">
      <Filter>sorts</Filter>
    </ClInclude>
    <ClInclude Include="doctest.h">
      <Filter>Header Files</Filter>
    </ClInclude>
    <ClInclude Include="Interface.h">
      <Filter>Header Files</Filter>
    </ClInclude>
  </ItemGroup>
  <ItemGroup>
    <None Include=".gitignore" />
  </ItemGroup>
</Project>